// !$*UTF8*$!
{
	archiveVersion = 1;
	classes = {
	};
	objectVersion = 56;
	objects = {

/* Begin PBXBuildFile section */
		7F51ADD92C884591001E5469 /* DiceeUIApp.swift in Sources */ = {isa = PBXBuildFile; fileRef = 7F51ADD82C884591001E5469 /* DiceeUIApp.swift */; };
		7F51ADDB2C884591001E5469 /* ContentView.swift in Sources */ = {isa = PBXBuildFile; fileRef = 7F51ADDA2C884591001E5469 /* ContentView.swift */; };
		7F51ADDD2C884592001E5469 /* Assets.xcassets in Resources */ = {isa = PBXBuildFile; fileRef = 7F51ADDC2C884592001E5469 /* Assets.xcassets */; };
		7F51ADE02C884592001E5469 /* Preview Assets.xcassets in Resources */ = {isa = PBXBuildFile; fileRef = 7F51ADDF2C884592001E5469 /* Preview Assets.xcassets */; };
		7F51ADEA2C884592001E5469 /* DiceeUITests.swift in Sources */ = {isa = PBXBuildFile; fileRef = 7F51ADE92C884592001E5469 /* DiceeUITests.swift */; };
		7F51ADF42C884592001E5469 /* DiceeUIUITests.swift in Sources */ = {isa = PBXBuildFile; fileRef = 7F51ADF32C884592001E5469 /* DiceeUIUITests.swift */; };
		7F51ADF62C884592001E5469 /* DiceeUIUITestsLaunchTests.swift in Sources */ = {isa = PBXBuildFile; fileRef = 7F51ADF52C884592001E5469 /* DiceeUIUITestsLaunchTests.swift */; };
/* End PBXBuildFile section */

/* Begin PBXContainerItemProxy section */
		7F51ADE62C884592001E5469 /* PBXContainerItemProxy */ = {
			isa = PBXContainerItemProxy;
			containerPortal = 7F51ADCD2C884591001E5469 /* Project object */;
			proxyType = 1;
			remoteGlobalIDString = 7F51ADD42C884591001E5469;
			remoteInfo = DiceeUI;
		};
		7F51ADF02C884592001E5469 /* PBXContainerItemProxy */ = {
			isa = PBXContainerItemProxy;
			containerPortal = 7F51ADCD2C884591001E5469 /* Project object */;
			proxyType = 1;
			remoteGlobalIDString = 7F51ADD42C884591001E5469;
			remoteInfo = DiceeUI;
		};
/* End PBXContainerItemProxy section */

/* Begin PBXFileReference section */
		7F51ADD52C884591001E5469 /* DiceeUI.app */ = {isa = PBXFileReference; explicitFileType = wrapper.application; includeInIndex = 0; path = DiceeUI.app; sourceTree = BUILT_PRODUCTS_DIR; };
		7F51ADD82C884591001E5469 /* DiceeUIApp.swift */ = {isa = PBXFileReference; lastKnownFileType = sourcecode.swift; path = DiceeUIApp.swift; sourceTree = "<group>"; };
		7F51ADDA2C884591001E5469 /* ContentView.swift */ = {isa = PBXFileReference; lastKnownFileType = sourcecode.swift; path = ContentView.swift; sourceTree = "<group>"; };
		7F51ADDC2C884592001E5469 /* Assets.xcassets */ = {isa = PBXFileReference; lastKnownFileType = folder.assetcatalog; path = Assets.xcassets; sourceTree = "<group>"; };
		7F51ADDF2C884592001E5469 /* Preview Assets.xcassets */ = {isa = PBXFileReference; lastKnownFileType = folder.assetcatalog; path = "Preview Assets.xcassets"; sourceTree = "<group>"; };
		7F51ADE52C884592001E5469 /* DiceeUITests.xctest */ = {isa = PBXFileReference; explicitFileType = wrapper.cfbundle; includeInIndex = 0; path = DiceeUITests.xctest; sourceTree = BUILT_PRODUCTS_DIR; };
		7F51ADE92C884592001E5469 /* DiceeUITests.swift */ = {isa = PBXFileReference; lastKnownFileType = sourcecode.swift; path = DiceeUITests.swift; sourceTree = "<group>"; };
		7F51ADEF2C884592001E5469 /* DiceeUIUITests.xctest */ = {isa = PBXFileReference; explicitFileType = wrapper.cfbundle; includeInIndex = 0; path = DiceeUIUITests.xctest; sourceTree = BUILT_PRODUCTS_DIR; };
		7F51ADF32C884592001E5469 /* DiceeUIUITests.swift */ = {isa = PBXFileReference; lastKnownFileType = sourcecode.swift; path = DiceeUIUITests.swift; sourceTree = "<group>"; };
		7F51ADF52C884592001E5469 /* DiceeUIUITestsLaunchTests.swift */ = {isa = PBXFileReference; lastKnownFileType = sourcecode.swift; path = DiceeUIUITestsLaunchTests.swift; sourceTree = "<group>"; };
/* End PBXFileReference section */

/* Begin PBXFrameworksBuildPhase section */
		7F51ADD22C884591001E5469 /* Frameworks */ = {
			isa = PBXFrameworksBuildPhase;
			buildActionMask = 2147483647;
			files = (
			);
			runOnlyForDeploymentPostprocessing = 0;
		};
		7F51ADE22C884592001E5469 /* Frameworks */ = {
			isa = PBXFrameworksBuildPhase;
			buildActionMask = 2147483647;
			files = (
			);
			runOnlyForDeploymentPostprocessing = 0;
		};
		7F51ADEC2C884592001E5469 /* Frameworks */ = {
			isa = PBXFrameworksBuildPhase;
			buildActionMask = 2147483647;
			files = (
			);
			runOnlyForDeploymentPostprocessing = 0;
		};
/* End PBXFrameworksBuildPhase section */

/* Begin PBXGroup section */
		7F51ADCC2C884591001E5469 = {
			isa = PBXGroup;
			children = (
				7F51ADD72C884591001E5469 /* DiceeUI */,
				7F51ADE82C884592001E5469 /* DiceeUITests */,
				7F51ADF22C884592001E5469 /* DiceeUIUITests */,
				7F51ADD62C884591001E5469 /* Products */,
			);
			sourceTree = "<group>";
		};
		7F51ADD62C884591001E5469 /* Products */ = {
			isa = PBXGroup;
			children = (
				7F51ADD52C884591001E5469 /* DiceeUI.app */,
				7F51ADE52C884592001E5469 /* DiceeUITests.xctest */,
				7F51ADEF2C884592001E5469 /* DiceeUIUITests.xctest */,
			);
			name = Products;
			sourceTree = "<group>";
		};
		7F51ADD72C884591001E5469 /* DiceeUI */ = {
			isa = PBXGroup;
			children = (
				7F51ADD82C884591001E5469 /* DiceeUIApp.swift */,
				7F51ADDA2C884591001E5469 /* ContentView.swift */,
				7F51ADDC2C884592001E5469 /* Assets.xcassets */,
				7F51ADDE2C884592001E5469 /* Preview Content */,
			);
			path = DiceeUI;
			sourceTree = "<group>";
		};
		7F51ADDE2C884592001E5469 /* Preview Content */ = {
			isa = PBXGroup;
			children = (
				7F51ADDF2C884592001E5469 /* Preview Assets.xcassets */,
			);
			path = "Preview Content";
			sourceTree = "<group>";
		};
		7F51ADE82C884592001E5469 /* DiceeUITests */ = {
			isa = PBXGroup;
			children = (
				7F51ADE92C884592001E5469 /* DiceeUITests.swift */,
			);
			path = DiceeUITests;
			sourceTree = "<group>";
		};
		7F51ADF22C884592001E5469 /* DiceeUIUITests */ = {
			isa = PBXGroup;
			children = (
				7F51ADF32C884592001E5469 /* DiceeUIUITests.swift */,
				7F51ADF52C884592001E5469 /* DiceeUIUITestsLaunchTests.swift */,
			);
			path = DiceeUIUITests;
			sourceTree = "<group>";
		};
/* End PBXGroup section */

/* Begin PBXNativeTarget section */
		7F51ADD42C884591001E5469 /* DiceeUI */ = {
			isa = PBXNativeTarget;
			buildConfigurationList = 7F51ADF92C884592001E5469 /* Build configuration list for PBXNativeTarget "DiceeUI" */;
			buildPhases = (
				7F51ADD12C884591001E5469 /* Sources */,
				7F51ADD22C884591001E5469 /* Frameworks */,
				7F51ADD32C884591001E5469 /* Resources */,
			);
			buildRules = (
			);
			dependencies = (
			);
			name = DiceeUI;
			productName = DiceeUI;
			productReference = 7F51ADD52C884591001E5469 /* DiceeUI.app */;
			productType = "com.apple.product-type.application";
		};
		7F51ADE42C884592001E5469 /* DiceeUITests */ = {
			isa = PBXNativeTarget;
			buildConfigurationList = 7F51ADFC2C884592001E5469 /* Build configuration list for PBXNativeTarget "DiceeUITests" */;
			buildPhases = (
				7F51ADE12C884592001E5469 /* Sources */,
				7F51ADE22C884592001E5469 /* Frameworks */,
				7F51ADE32C884592001E5469 /* Resources */,
			);
			buildRules = (
			);
			dependencies = (
				7F51ADE72C884592001E5469 /* PBXTargetDependency */,
			);
			name = DiceeUITests;
			productName = DiceeUITests;
			productReference = 7F51ADE52C884592001E5469 /* DiceeUITests.xctest */;
			productType = "com.apple.product-type.bundle.unit-test";
		};
		7F51ADEE2C884592001E5469 /* DiceeUIUITests */ = {
			isa = PBXNativeTarget;
			buildConfigurationList = 7F51ADFF2C884592001E5469 /* Build configuration list for PBXNativeTarget "DiceeUIUITests" */;
			buildPhases = (
				7F51ADEB2C884592001E5469 /* Sources */,
				7F51ADEC2C884592001E5469 /* Frameworks */,
				7F51ADED2C884592001E5469 /* Resources */,
			);
			buildRules = (
			);
			dependencies = (
				7F51ADF12C884592001E5469 /* PBXTargetDependency */,
			);
			name = DiceeUIUITests;
			productName = DiceeUIUITests;
			productReference = 7F51ADEF2C884592001E5469 /* DiceeUIUITests.xctest */;
			productType = "com.apple.product-type.bundle.ui-testing";
		};
/* End PBXNativeTarget section */

/* Begin PBXProject section */
		7F51ADCD2C884591001E5469 /* Project object */ = {
			isa = PBXProject;
			attributes = {
				BuildIndependentTargetsInParallel = 1;
				LastSwiftUpdateCheck = 1540;
				LastUpgradeCheck = 1540;
				TargetAttributes = {
					7F51ADD42C884591001E5469 = {
						CreatedOnToolsVersion = 15.4;
					};
					7F51ADE42C884592001E5469 = {
						CreatedOnToolsVersion = 15.4;
						TestTargetID = 7F51ADD42C884591001E5469;
					};
					7F51ADEE2C884592001E5469 = {
						CreatedOnToolsVersion = 15.4;
						TestTargetID = 7F51ADD42C884591001E5469;
					};
				};
			};
			buildConfigurationList = 7F51ADD02C884591001E5469 /* Build configuration list for PBXProject "DiceeUI" */;
			compatibilityVersion = "Xcode 14.0";
			developmentRegion = en;
			hasScannedForEncodings = 0;
			knownRegions = (
				en,
				Base,
			);
			mainGroup = 7F51ADCC2C884591001E5469;
			productRefGroup = 7F51ADD62C884591001E5469 /* Products */;
			projectDirPath = "";
			projectRoot = "";
			targets = (
				7F51ADD42C884591001E5469 /* DiceeUI */,
				7F51ADE42C884592001E5469 /* DiceeUITests */,
				7F51ADEE2C884592001E5469 /* DiceeUIUITests */,
			);
		};
/* End PBXProject section */

/* Begin PBXResourcesBuildPhase section */
		7F51ADD32C884591001E5469 /* Resources */ = {
			isa = PBXResourcesBuildPhase;
			buildActionMask = 2147483647;
			files = (
				7F51ADE02C884592001E5469 /* Preview Assets.xcassets in Resources */,
				7F51ADDD2C884592001E5469 /* Assets.xcassets in Resources */,
			);
			runOnlyForDeploymentPostprocessing = 0;
		};
		7F51ADE32C884592001E5469 /* Resources */ = {
			isa = PBXResourcesBuildPhase;
			buildActionMask = 2147483647;
			files = (
			);
			runOnlyForDeploymentPostprocessing = 0;
		};
		7F51ADED2C884592001E5469 /* Resources */ = {
			isa = PBXResourcesBuildPhase;
			buildActionMask = 2147483647;
			files = (
			);
			runOnlyForDeploymentPostprocessing = 0;
		};
/* End PBXResourcesBuildPhase section */

/* Begin PBXSourcesBuildPhase section */
		7F51ADD12C884591001E5469 /* Sources */ = {
			isa = PBXSourcesBuildPhase;
			buildActionMask = 2147483647;
			files = (
				7F51ADDB2C884591001E5469 /* ContentView.swift in Sources */,
				7F51ADD92C884591001E5469 /* DiceeUIApp.swift in Sources */,
			);
			runOnlyForDeploymentPostprocessing = 0;
		};
		7F51ADE12C884592001E5469 /* Sources */ = {
			isa = PBXSourcesBuildPhase;
			buildActionMask = 2147483647;
			files = (
				7F51ADEA2C884592001E5469 /* DiceeUITests.swift in Sources */,
			);
			runOnlyForDeploymentPostprocessing = 0;
		};
		7F51ADEB2C884592001E5469 /* Sources */ = {
			isa = PBXSourcesBuildPhase;
			buildActionMask = 2147483647;
			files = (
				7F51ADF42C884592001E5469 /* DiceeUIUITests.swift in Sources */,
				7F51ADF62C884592001E5469 /* DiceeUIUITestsLaunchTests.swift in Sources */,
			);
			runOnlyForDeploymentPostprocessing = 0;
		};
/* End PBXSourcesBuildPhase section */

/* Begin PBXTargetDependency section */
		7F51ADE72C884592001E5469 /* PBXTargetDependency */ = {
			isa = PBXTargetDependency;
			target = 7F51ADD42C884591001E5469 /* DiceeUI */;
			targetProxy = 7F51ADE62C884592001E5469 /* PBXContainerItemProxy */;
		};
		7F51ADF12C884592001E5469 /* PBXTargetDependency */ = {
			isa = PBXTargetDependency;
			target = 7F51ADD42C884591001E5469 /* DiceeUI */;
			targetProxy = 7F51ADF02C884592001E5469 /* PBXContainerItemProxy */;
		};
/* End PBXTargetDependency section */

/* Begin XCBuildConfiguration section */
		7F51ADF72C884592001E5469 /* Debug */ = {
			isa = XCBuildConfiguration;
			buildSettings = {
				ALWAYS_SEARCH_USER_PATHS = NO;
				ASSETCATALOG_COMPILER_GENERATE_SWIFT_ASSET_SYMBOL_EXTENSIONS = YES;
				CLANG_ANALYZER_NONNULL = YES;
				CLANG_ANALYZER_NUMBER_OBJECT_CONVERSION = YES_AGGRESSIVE;
				CLANG_CXX_LANGUAGE_STANDARD = "gnu++20";
				CLANG_ENABLE_MODULES = YES;
				CLANG_ENABLE_OBJC_ARC = YES;
				CLANG_ENABLE_OBJC_WEAK = YES;
				CLANG_WARN_BLOCK_CAPTURE_AUTORELEASING = YES;
				CLANG_WARN_BOOL_CONVERSION = YES;
				CLANG_WARN_COMMA = YES;
				CLANG_WARN_CONSTANT_CONVERSION = YES;
				CLANG_WARN_DEPRECATED_OBJC_IMPLEMENTATIONS = YES;
				CLANG_WARN_DIRECT_OBJC_ISA_USAGE = YES_ERROR;
				CLANG_WARN_DOCUMENTATION_COMMENTS = YES;
				CLANG_WARN_EMPTY_BODY = YES;
				CLANG_WARN_ENUM_CONVERSION = YES;
				CLANG_WARN_INFINITE_RECURSION = YES;
				CLANG_WARN_INT_CONVERSION = YES;
				CLANG_WARN_NON_LITERAL_NULL_CONVERSION = YES;
				CLANG_WARN_OBJC_IMPLICIT_RETAIN_SELF = YES;
				CLANG_WARN_OBJC_LITERAL_CONVERSION = YES;
				CLANG_WARN_OBJC_ROOT_CLASS = YES_ERROR;
				CLANG_WARN_QUOTED_INCLUDE_IN_FRAMEWORK_HEADER = YES;
				CLANG_WARN_RANGE_LOOP_ANALYSIS = YES;
				CLANG_WARN_STRICT_PROTOTYPES = YES;
				CLANG_WARN_SUSPICIOUS_MOVE = YES;
				CLANG_WARN_UNGUARDED_AVAILABILITY = YES_AGGRESSIVE;
				CLANG_WARN_UNREACHABLE_CODE = YES;
				CLANG_WARN__DUPLICATE_METHOD_MATCH = YES;
				COPY_PHASE_STRIP = NO;
				DEBUG_INFORMATION_FORMAT = dwarf;
				ENABLE_STRICT_OBJC_MSGSEND = YES;
				ENABLE_TESTABILITY = YES;
				ENABLE_USER_SCRIPT_SANDBOXING = YES;
				GCC_C_LANGUAGE_STANDARD = gnu17;
				GCC_DYNAMIC_NO_PIC = NO;
				GCC_NO_COMMON_BLOCKS = YES;
				GCC_OPTIMIZATION_LEVEL = 0;
				GCC_PREPROCESSOR_DEFINITIONS = (
					"DEBUG=1",
					"$(inherited)",
				);
				GCC_WARN_64_TO_32_BIT_CONVERSION = YES;
				GCC_WARN_ABOUT_RETURN_TYPE = YES_ERROR;
				GCC_WARN_UNDECLARED_SELECTOR = YES;
				GCC_WARN_UNINITIALIZED_AUTOS = YES_AGGRESSIVE;
				GCC_WARN_UNUSED_FUNCTION = YES;
				GCC_WARN_UNUSED_VARIABLE = YES;
				IPHONEOS_DEPLOYMENT_TARGET = 17.5;
				LOCALIZATION_PREFERS_STRING_CATALOGS = YES;
				MTL_ENABLE_DEBUG_INFO = INCLUDE_SOURCE;
				MTL_FAST_MATH = YES;
				ONLY_ACTIVE_ARCH = YES;
				SDKROOT = iphoneos;
				SWIFT_ACTIVE_COMPILATION_CONDITIONS = "DEBUG $(inherited)";
				SWIFT_OPTIMIZATION_LEVEL = "-Onone";
			};
			name = Debug;
		};
		7F51ADF82C884592001E5469 /* Release */ = {
			isa = XCBuildConfiguration;
			buildSettings = {
				ALWAYS_SEARCH_USER_PATHS = NO;
				ASSETCATALOG_COMPILER_GENERATE_SWIFT_ASSET_SYMBOL_EXTENSIONS = YES;
				CLANG_ANALYZER_NONNULL = YES;
				CLANG_ANALYZER_NUMBER_OBJECT_CONVERSION = YES_AGGRESSIVE;
				CLANG_CXX_LANGUAGE_STANDARD = "gnu++20";
				CLANG_ENABLE_MODULES = YES;
				CLANG_ENABLE_OBJC_ARC = YES;
				CLANG_ENABLE_OBJC_WEAK = YES;
				CLANG_WARN_BLOCK_CAPTURE_AUTORELEASING = YES;
				CLANG_WARN_BOOL_CONVERSION = YES;
				CLANG_WARN_COMMA = YES;
				CLANG_WARN_CONSTANT_CONVERSION = YES;
				CLANG_WARN_DEPRECATED_OBJC_IMPLEMENTATIONS = YES;
				CLANG_WARN_DIRECT_OBJC_ISA_USAGE = YES_ERROR;
				CLANG_WARN_DOCUMENTATION_COMMENTS = YES;
				CLANG_WARN_EMPTY_BODY = YES;
				CLANG_WARN_ENUM_CONVERSION = YES;
				CLANG_WARN_INFINITE_RECURSION = YES;
				CLANG_WARN_INT_CONVERSION = YES;
				CLANG_WARN_NON_LITERAL_NULL_CONVERSION = YES;
				CLANG_WARN_OBJC_IMPLICIT_RETAIN_SELF = YES;
				CLANG_WARN_OBJC_LITERAL_CONVERSION = YES;
				CLANG_WARN_OBJC_ROOT_CLASS = YES_ERROR;
				CLANG_WARN_QUOTED_INCLUDE_IN_FRAMEWORK_HEADER = YES;
				CLANG_WARN_RANGE_LOOP_ANALYSIS = YES;
				CLANG_WARN_STRICT_PROTOTYPES = YES;
				CLANG_WARN_SUSPICIOUS_MOVE = YES;
				CLANG_WARN_UNGUARDED_AVAILABILITY = YES_AGGRESSIVE;
				CLANG_WARN_UNREACHABLE_CODE = YES;
				CLANG_WARN__DUPLICATE_METHOD_MATCH = YES;
				COPY_PHASE_STRIP = NO;
				DEBUG_INFORMATION_FORMAT = "dwarf-with-dsym";
				ENABLE_NS_ASSERTIONS = NO;
				ENABLE_STRICT_OBJC_MSGSEND = YES;
				ENABLE_USER_SCRIPT_SANDBOXING = YES;
				GCC_C_LANGUAGE_STANDARD = gnu17;
				GCC_NO_COMMON_BLOCKS = YES;
				GCC_WARN_64_TO_32_BIT_CONVERSION = YES;
				GCC_WARN_ABOUT_RETURN_TYPE = YES_ERROR;
				GCC_WARN_UNDECLARED_SELECTOR = YES;
				GCC_WARN_UNINITIALIZED_AUTOS = YES_AGGRESSIVE;
				GCC_WARN_UNUSED_FUNCTION = YES;
				GCC_WARN_UNUSED_VARIABLE = YES;
				IPHONEOS_DEPLOYMENT_TARGET = 17.5;
				LOCALIZATION_PREFERS_STRING_CATALOGS = YES;
				MTL_ENABLE_DEBUG_INFO = NO;
				MTL_FAST_MATH = YES;
				SDKROOT = iphoneos;
				SWIFT_COMPILATION_MODE = wholemodule;
				VALIDATE_PRODUCT = YES;
			};
			name = Release;
		};
		7F51ADFA2C884592001E5469 /* Debug */ = {
			isa = XCBuildConfiguration;
			buildSettings = {
				ASSETCATALOG_COMPILER_APPICON_NAME = AppIcon;
				ASSETCATALOG_COMPILER_GLOBAL_ACCENT_COLOR_NAME = AccentColor;
				CODE_SIGN_STYLE = Automatic;
				CURRENT_PROJECT_VERSION = 1;
				DEVELOPMENT_ASSET_PATHS = "\"DiceeUI/Preview Content\"";
				DEVELOPMENT_TEAM = H4PC9RAV7V;
				ENABLE_PREVIEWS = YES;
				GENERATE_INFOPLIST_FILE = YES;
				INFOPLIST_KEY_UIApplicationSceneManifest_Generation = YES;
				INFOPLIST_KEY_UIApplicationSupportsIndirectInputEvents = YES;
				INFOPLIST_KEY_UILaunchScreen_Generation = YES;
				INFOPLIST_KEY_UISupportedInterfaceOrientations_iPad = "UIInterfaceOrientationPortrait UIInterfaceOrientationPortraitUpsideDown UIInterfaceOrientationLandscapeLeft UIInterfaceOrientationLandscapeRight";
				INFOPLIST_KEY_UISupportedInterfaceOrientations_iPhone = "UIInterfaceOrientationPortrait UIInterfaceOrientationLandscapeLeft UIInterfaceOrientationLandscapeRight";
				LD_RUNPATH_SEARCH_PATHS = (
					"$(inherited)",
					"@executable_path/Frameworks",
				);
				MARKETING_VERSION = 1.0;
				PRODUCT_BUNDLE_IDENTIFIER = com.ertugrul.DiceeUI;
				PRODUCT_NAME = "$(TARGET_NAME)";
				SWIFT_EMIT_LOC_STRINGS = YES;
				SWIFT_VERSION = 5.0;
				TARGETED_DEVICE_FAMILY = "1,2";
			};
			name = Debug;
		};
		7F51ADFB2C884592001E5469 /* Release */ = {
			isa = XCBuildConfiguration;
			buildSettings = {
				ASSETCATALOG_COMPILER_APPICON_NAME = AppIcon;
				ASSETCATALOG_COMPILER_GLOBAL_ACCENT_COLOR_NAME = AccentColor;
				CODE_SIGN_STYLE = Automatic;
				CURRENT_PROJECT_VERSION = 1;
				DEVELOPMENT_ASSET_PATHS = "\"DiceeUI/Preview Content\"";
				DEVELOPMENT_TEAM = H4PC9RAV7V;
				ENABLE_PREVIEWS = YES;
				GENERATE_INFOPLIST_FILE = YES;
				INFOPLIST_KEY_UIApplicationSceneManifest_Generation = YES;
				INFOPLIST_KEY_UIApplicationSupportsIndirectInputEvents = YES;
				INFOPLIST_KEY_UILaunchScreen_Generation = YES;
				INFOPLIST_KEY_UISupportedInterfaceOrientations_iPad = "UIInterfaceOrientationPortrait UIInterfaceOrientationPortraitUpsideDown UIInterfaceOrientationLandscapeLeft UIInterfaceOrientationLandscapeRight";
				INFOPLIST_KEY_UISupportedInterfaceOrientations_iPhone = "UIInterfaceOrientationPortrait UIInterfaceOrientationLandscapeLeft UIInterfaceOrientationLandscapeRight";
				LD_RUNPATH_SEARCH_PATHS = (
					"$(inherited)",
					"@executable_path/Frameworks",
				);
				MARKETING_VERSION = 1.0;
				PRODUCT_BUNDLE_IDENTIFIER = com.ertugrul.DiceeUI;
				PRODUCT_NAME = "$(TARGET_NAME)";
				SWIFT_EMIT_LOC_STRINGS = YES;
				SWIFT_VERSION = 5.0;
				TARGETED_DEVICE_FAMILY = "1,2";
			};
			name = Release;
		};
		7F51ADFD2C884592001E5469 /* Debug */ = {
			isa = XCBuildConfiguration;
			buildSettings = {
				ALWAYS_EMBED_SWIFT_STANDARD_LIBRARIES = YES;
				BUNDLE_LOADER = "$(TEST_HOST)";
				CODE_SIGN_STYLE = Automatic;
				CURRENT_PROJECT_VERSION = 1;
				DEVELOPMENT_TEAM = H4PC9RAV7V;
				GENERATE_INFOPLIST_FILE = YES;
				IPHONEOS_DEPLOYMENT_TARGET = 17.5;
				MARKETING_VERSION = 1.0;
				PRODUCT_BUNDLE_IDENTIFIER = com.ertugrul.DiceeUITests;
				PRODUCT_NAME = "$(TARGET_NAME)";
				SWIFT_EMIT_LOC_STRINGS = NO;
				SWIFT_VERSION = 5.0;
				TARGETED_DEVICE_FAMILY = "1,2";
				TEST_HOST = "$(BUILT_PRODUCTS_DIR)/DiceeUI.app/$(BUNDLE_EXECUTABLE_FOLDER_PATH)/DiceeUI";
			};
			name = Debug;
		};
		7F51ADFE2C884592001E5469 /* Release */ = {
			isa = XCBuildConfiguration;
			buildSettings = {
				ALWAYS_EMBED_SWIFT_STANDARD_LIBRARIES = YES;
				BUNDLE_LOADER = "$(TEST_HOST)";
				CODE_SIGN_STYLE = Automatic;
				CURRENT_PROJECT_VERSION = 1;
				DEVELOPMENT_TEAM = H4PC9RAV7V;
				GENERATE_INFOPLIST_FILE = YES;
				IPHONEOS_DEPLOYMENT_TARGET = 17.5;
				MARKETING_VERSION = 1.0;
				PRODUCT_BUNDLE_IDENTIFIER = com.ertugrul.DiceeUITests;
				PRODUCT_NAME = "$(TARGET_NAME)";
				SWIFT_EMIT_LOC_STRINGS = NO;
				SWIFT_VERSION = 5.0;
				TARGETED_DEVICE_FAMILY = "1,2";
				TEST_HOST = "$(BUILT_PRODUCTS_DIR)/DiceeUI.app/$(BUNDLE_EXECUTABLE_FOLDER_PATH)/DiceeUI";
			};
			name = Release;
		};
		7F51AE002C884592001E5469 /* Debug */ = {
			isa = XCBuildConfiguration;
			buildSettings = {
				ALWAYS_EMBED_SWIFT_STANDARD_LIBRARIES = YES;
				CODE_SIGN_STYLE = Automatic;
				CURRENT_PROJECT_VERSION = 1;
				DEVELOPMENT_TEAM = H4PC9RAV7V;
				GENERATE_INFOPLIST_FILE = YES;
				MARKETING_VERSION = 1.0;
				PRODUCT_BUNDLE_IDENTIFIER = com.ertugrul.DiceeUIUITests;
				PRODUCT_NAME = "$(TARGET_NAME)";
				SWIFT_EMIT_LOC_STRINGS = NO;
				SWIFT_VERSION = 5.0;
				TARGETED_DEVICE_FAMILY = "1,2";
				TEST_TARGET_NAME = DiceeUI;
			};
			name = Debug;
		};
		7F51AE012C884592001E5469 /* Release */ = {
			isa = XCBuildConfiguration;
			buildSettings = {
				ALWAYS_EMBED_SWIFT_STANDARD_LIBRARIES = YES;
				CODE_SIGN_STYLE = Automatic;
				CURRENT_PROJECT_VERSION = 1;
				DEVELOPMENT_TEAM = H4PC9RAV7V;
				GENERATE_INFOPLIST_FILE = YES;
				MARKETING_VERSION = 1.0;
				PRODUCT_BUNDLE_IDENTIFIER = com.ertugrul.DiceeUIUITests;
				PRODUCT_NAME = "$(TARGET_NAME)";
				SWIFT_EMIT_LOC_STRINGS = NO;
				SWIFT_VERSION = 5.0;
				TARGETED_DEVICE_FAMILY = "1,2";
				TEST_TARGET_NAME = DiceeUI;
			};
			name = Release;
		};
/* End XCBuildConfiguration section */

/* Begin XCConfigurationList section */
		7F51ADD02C884591001E5469 /* Build configuration list for PBXProject "DiceeUI" */ = {
			isa = XCConfigurationList;
			buildConfigurations = (
				7F51ADF72C884592001E5469 /* Debug */,
				7F51ADF82C884592001E5469 /* Release */,
			);
			defaultConfigurationIsVisible = 0;
			defaultConfigurationName = Release;
		};
		7F51ADF92C884592001E5469 /* Build configuration list for PBXNativeTarget "DiceeUI" */ = {
			isa = XCConfigurationList;
			buildConfigurations = (
				7F51ADFA2C884592001E5469 /* Debug */,
				7F51ADFB2C884592001E5469 /* Release */,
			);
			defaultConfigurationIsVisible = 0;
			defaultConfigurationName = Release;
		};
		7F51ADFC2C884592001E5469 /* Build configuration list for PBXNativeTarget "DiceeUITests" */ = {
			isa = XCConfigurationList;
			buildConfigurations = (
				7F51ADFD2C884592001E5469 /* Debug */,
				7F51ADFE2C884592001E5469 /* Release */,
			);
			defaultConfigurationIsVisible = 0;
			defaultConfigurationName = Release;
		};
		7F51ADFF2C884592001E5469 /* Build configuration list for PBXNativeTarget "DiceeUIUITests" */ = {
			isa = XCConfigurationList;
			buildConfigurations = (
				7F51AE002C884592001E5469 /* Debug */,
				7F51AE012C884592001E5469 /* Release */,
			);
			defaultConfigurationIsVisible = 0;
			defaultConfigurationName = Release;
		};
/* End XCConfigurationList section */
	};
	rootObject = 7F51ADCD2C884591001E5469 /* Project object */;
}
